
Microsoft Visual Studio Solution File, Format Version 12.00
# Visual Studio Version 17
VisualStudioVersion = 17.11.35327.3
MinimumVisualStudioVersion = 10.0.40219.1
Project("{8BC9CEB8-8B4A-11D0-8D11-00A0C91BC942}") = "BOJ_10972", "BOJ_10972.vcxproj", "{A7C7D5F2-1193-407B-9A85-F4B811FA78D6}"
EndProject
Global
	GlobalSection(SolutionConfigurationPlatforms) = preSolution
		Debug|x64 = Debug|x64
		Release|x64 = Release|x64
	EndGlobalSection
	GlobalSection(ProjectConfigurationPlatforms) = postSolution
		{A7C7D5F2-1193-407B-9A85-F4B811FA78D6}.Debug|x64.ActiveCfg = Debug|x64
		{A7C7D5F2-1193-407B-9A85-F4B811FA78D6}.Debug|x64.Build.0 = Debug|x64
		{A7C7D5F2-1193-407B-9A85-F4B811FA78D6}.Release|x64.ActiveCfg = Release|x64
		{A7C7D5F2-1193-407B-9A85-F4B811FA78D6}.Release|x64.Build.0 = Release|x64
	EndGlobalSection
	GlobalSection(SolutionProperties) = preSolution
		HideSolutionNode = FALSE
	EndGlobalSection
	GlobalSection(ExtensibilityGlobals) = postSolution
		SolutionGuid = {7CD5856A-E654-4C3A-A199-47A5A9263A5F}
	EndGlobalSection
EndGlobal
